# THIS IS AN AUTOGENERATED FILE. DO NOT EDIT THIS FILE DIRECTLY.
# yarn lockfile v1


vue-infinite-loading@^2.4.4:
  version "2.4.4"
  resolved "https://registry.yarnpkg.com/vue-infinite-loading/-/vue-infinite-loading-2.4.4.tgz#8a9defb9ceeea797c057cb36bdf558a4b2ce409f"
  integrity sha512-eIFBcyKqkivtsDDq7Ee5ybDJVGLxIzU1NcBJCHG7Zx9Ic66QEGzSPs2OPJlGUdtu0/RS7KpUER35ZP/a7FdSOg==
